// !$*UTF8*$!
{
	archiveVersion = 1;
	classes = {
	};
	objectVersion = 46;
	objects = {

/* Begin PBXBuildFile section */
		3A5687761A3B93BD0066DB2B /* AppDelegate.swift in Sources */ = {isa = PBXBuildFile; fileRef = 3A5687751A3B93BD0066DB2B /* AppDelegate.swift */; };
		3A5687781A3B93BD0066DB2B /* ViewController.swift in Sources */ = {isa = PBXBuildFile; fileRef = 3A5687771A3B93BD0066DB2B /* ViewController.swift */; };
		3A56877A1A3B93BD0066DB2B /* Images.xcassets in Resources */ = {isa = PBXBuildFile; fileRef = 3A5687791A3B93BD0066DB2B /* Images.xcassets */; };
		3A56877D1A3B93BD0066DB2B /* Main.storyboard in Resources */ = {isa = PBXBuildFile; fileRef = 3A56877B1A3B93BD0066DB2B /* Main.storyboard */; };
		3A5687891A3B93BD0066DB2B /* BuildasaurTests.swift in Sources */ = {isa = PBXBuildFile; fileRef = 3A5687881A3B93BD0066DB2B /* BuildasaurTests.swift */; };
		3AAF6E791A3CE4CC00C657FB /* BuildaUtils.h in Headers */ = {isa = PBXBuildFile; fileRef = 3AAF6E781A3CE4CC00C657FB /* BuildaUtils.h */; settings = {ATTRIBUTES = (Public, ); }; };
		3AAF6E7F1A3CE4CC00C657FB /* BuildaUtils.framework in Frameworks */ = {isa = PBXBuildFile; fileRef = 3AAF6E741A3CE4CC00C657FB /* BuildaUtils.framework */; };
		3AAF6E881A3CE4CC00C657FB /* BuildaUtilsTests.swift in Sources */ = {isa = PBXBuildFile; fileRef = 3AAF6E871A3CE4CC00C657FB /* BuildaUtilsTests.swift */; };
		3AAF6E8B1A3CE4CC00C657FB /* BuildaUtils.framework in Frameworks */ = {isa = PBXBuildFile; fileRef = 3AAF6E741A3CE4CC00C657FB /* BuildaUtils.framework */; };
		3AAF6E8C1A3CE4CC00C657FB /* BuildaUtils.framework in Embed Frameworks */ = {isa = PBXBuildFile; fileRef = 3AAF6E741A3CE4CC00C657FB /* BuildaUtils.framework */; settings = {ATTRIBUTES = (CodeSignOnCopy, RemoveHeadersOnCopy, ); }; };
		3AAF6EC31A3CE57100C657FB /* BuildaCIServer.h in Headers */ = {isa = PBXBuildFile; fileRef = 3AAF6EC21A3CE57100C657FB /* BuildaCIServer.h */; settings = {ATTRIBUTES = (Public, ); }; };
		3AAF6EC91A3CE57100C657FB /* BuildaCIServer.framework in Frameworks */ = {isa = PBXBuildFile; fileRef = 3AAF6EBE1A3CE57100C657FB /* BuildaCIServer.framework */; };
		3AAF6ED21A3CE57200C657FB /* BuildaCIServerTests.swift in Sources */ = {isa = PBXBuildFile; fileRef = 3AAF6ED11A3CE57200C657FB /* BuildaCIServerTests.swift */; };
		3AAF6ED51A3CE57200C657FB /* BuildaCIServer.framework in Frameworks */ = {isa = PBXBuildFile; fileRef = 3AAF6EBE1A3CE57100C657FB /* BuildaCIServer.framework */; };
		3AAF6ED61A3CE57200C657FB /* BuildaCIServer.framework in Embed Frameworks */ = {isa = PBXBuildFile; fileRef = 3AAF6EBE1A3CE57100C657FB /* BuildaCIServer.framework */; settings = {ATTRIBUTES = (CodeSignOnCopy, RemoveHeadersOnCopy, ); }; };
		3AAF6EE91A3CE5BA00C657FB /* BuildaGitServer.h in Headers */ = {isa = PBXBuildFile; fileRef = 3AAF6EE81A3CE5BA00C657FB /* BuildaGitServer.h */; settings = {ATTRIBUTES = (Public, ); }; };
		3AAF6EEF1A3CE5BA00C657FB /* BuildaGitServer.framework in Frameworks */ = {isa = PBXBuildFile; fileRef = 3AAF6EE41A3CE5BA00C657FB /* BuildaGitServer.framework */; };
		3AAF6EF81A3CE5BA00C657FB /* BuildaGitServerTests.swift in Sources */ = {isa = PBXBuildFile; fileRef = 3AAF6EF71A3CE5BA00C657FB /* BuildaGitServerTests.swift */; };
		3AAF6EFB1A3CE5BA00C657FB /* BuildaGitServer.framework in Frameworks */ = {isa = PBXBuildFile; fileRef = 3AAF6EE41A3CE5BA00C657FB /* BuildaGitServer.framework */; };
		3AAF6EFC1A3CE5BA00C657FB /* BuildaGitServer.framework in Embed Frameworks */ = {isa = PBXBuildFile; fileRef = 3AAF6EE41A3CE5BA00C657FB /* BuildaGitServer.framework */; settings = {ATTRIBUTES = (CodeSignOnCopy, RemoveHeadersOnCopy, ); }; };
		3AAF6F041A3CE66A00C657FB /* GitServerPublic.swift in Sources */ = {isa = PBXBuildFile; fileRef = 3AAF6F031A3CE66A00C657FB /* GitServerPublic.swift */; };
		3AAF6F071A3CE6C200C657FB /* BuildaUtils.framework in Frameworks */ = {isa = PBXBuildFile; fileRef = 3AAF6E741A3CE4CC00C657FB /* BuildaUtils.framework */; };
		3AAF6F081A3CE6C700C657FB /* BuildaUtils.framework in Frameworks */ = {isa = PBXBuildFile; fileRef = 3AAF6E741A3CE4CC00C657FB /* BuildaUtils.framework */; };
		3AAF6F091A3CE75600C657FB /* HTTPUtils.swift in Sources */ = {isa = PBXBuildFile; fileRef = 3A6355DC1A3BC19800545BF9 /* HTTPUtils.swift */; };
		3AAF6F0A1A3CE75600C657FB /* JSON.swift in Sources */ = {isa = PBXBuildFile; fileRef = 3ACB831F1A3BB64F00E285FD /* JSON.swift */; };
/* End PBXBuildFile section */

/* Begin PBXContainerItemProxy section */
		3A5687831A3B93BD0066DB2B /* PBXContainerItemProxy */ = {
			isa = PBXContainerItemProxy;
			containerPortal = 3A5687681A3B93BD0066DB2B /* Project object */;
			proxyType = 1;
			remoteGlobalIDString = 3A56876F1A3B93BD0066DB2B;
			remoteInfo = Buildasaur;
		};
		3AAF6E801A3CE4CC00C657FB /* PBXContainerItemProxy */ = {
			isa = PBXContainerItemProxy;
			containerPortal = 3A5687681A3B93BD0066DB2B /* Project object */;
			proxyType = 1;
			remoteGlobalIDString = 3AAF6E731A3CE4CB00C657FB;
			remoteInfo = BuildaUtils;
		};
		3AAF6E821A3CE4CC00C657FB /* PBXContainerItemProxy */ = {
			isa = PBXContainerItemProxy;
			containerPortal = 3A5687681A3B93BD0066DB2B /* Project object */;
			proxyType = 1;
			remoteGlobalIDString = 3A56876F1A3B93BD0066DB2B;
			remoteInfo = Buildasaur;
		};
		3AAF6E891A3CE4CC00C657FB /* PBXContainerItemProxy */ = {
			isa = PBXContainerItemProxy;
			containerPortal = 3A5687681A3B93BD0066DB2B /* Project object */;
			proxyType = 1;
			remoteGlobalIDString = 3AAF6E731A3CE4CB00C657FB;
			remoteInfo = BuildaUtils;
		};
		3AAF6ECA1A3CE57100C657FB /* PBXContainerItemProxy */ = {
			isa = PBXContainerItemProxy;
			containerPortal = 3A5687681A3B93BD0066DB2B /* Project object */;
			proxyType = 1;
			remoteGlobalIDString = 3AAF6EBD1A3CE57100C657FB;
			remoteInfo = BuildaCIServer;
		};
		3AAF6ECC1A3CE57100C657FB /* PBXContainerItemProxy */ = {
			isa = PBXContainerItemProxy;
			containerPortal = 3A5687681A3B93BD0066DB2B /* Project object */;
			proxyType = 1;
			remoteGlobalIDString = 3A56876F1A3B93BD0066DB2B;
			remoteInfo = Buildasaur;
		};
		3AAF6ED31A3CE57200C657FB /* PBXContainerItemProxy */ = {
			isa = PBXContainerItemProxy;
			containerPortal = 3A5687681A3B93BD0066DB2B /* Project object */;
			proxyType = 1;
			remoteGlobalIDString = 3AAF6EBD1A3CE57100C657FB;
			remoteInfo = BuildaCIServer;
		};
		3AAF6EDD1A3CE58800C657FB /* PBXContainerItemProxy */ = {
			isa = PBXContainerItemProxy;
			containerPortal = 3A5687681A3B93BD0066DB2B /* Project object */;
			proxyType = 1;
			remoteGlobalIDString = 3AAF6E731A3CE4CB00C657FB;
			remoteInfo = BuildaUtils;
		};
		3AAF6EF01A3CE5BA00C657FB /* PBXContainerItemProxy */ = {
			isa = PBXContainerItemProxy;
			containerPortal = 3A5687681A3B93BD0066DB2B /* Project object */;
			proxyType = 1;
			remoteGlobalIDString = 3AAF6EE31A3CE5BA00C657FB;
			remoteInfo = BuildaGitServer;
		};
		3AAF6EF21A3CE5BA00C657FB /* PBXContainerItemProxy */ = {
			isa = PBXContainerItemProxy;
			containerPortal = 3A5687681A3B93BD0066DB2B /* Project object */;
			proxyType = 1;
			remoteGlobalIDString = 3A56876F1A3B93BD0066DB2B;
			remoteInfo = Buildasaur;
		};
		3AAF6EF91A3CE5BA00C657FB /* PBXContainerItemProxy */ = {
			isa = PBXContainerItemProxy;
			containerPortal = 3A5687681A3B93BD0066DB2B /* Project object */;
			proxyType = 1;
			remoteGlobalIDString = 3AAF6EE31A3CE5BA00C657FB;
			remoteInfo = BuildaGitServer;
		};
		3AAF6F051A3CE6AA00C657FB /* PBXContainerItemProxy */ = {
			isa = PBXContainerItemProxy;
			containerPortal = 3A5687681A3B93BD0066DB2B /* Project object */;
			proxyType = 1;
			remoteGlobalIDString = 3AAF6E731A3CE4CB00C657FB;
			remoteInfo = BuildaUtils;
		};
/* End PBXContainerItemProxy section */

/* Begin PBXCopyFilesBuildPhase section */
		3A58B14E1A3B9604003E0266 /* Embed Frameworks */ = {
			isa = PBXCopyFilesBuildPhase;
			buildActionMask = 2147483647;
			dstPath = "";
			dstSubfolderSpec = 10;
			files = (
				3AAF6EFC1A3CE5BA00C657FB /* BuildaGitServer.framework in Embed Frameworks */,
				3AAF6E8C1A3CE4CC00C657FB /* BuildaUtils.framework in Embed Frameworks */,
				3AAF6ED61A3CE57200C657FB /* BuildaCIServer.framework in Embed Frameworks */,
			);
			name = "Embed Frameworks";
			runOnlyForDeploymentPostprocessing = 0;
		};
/* End PBXCopyFilesBuildPhase section */

/* Begin PBXFileReference section */
		3A5687701A3B93BD0066DB2B /* Buildasaur.app */ = {isa = PBXFileReference; explicitFileType = wrapper.application; includeInIndex = 0; path = Buildasaur.app; sourceTree = BUILT_PRODUCTS_DIR; };
		3A5687741A3B93BD0066DB2B /* Info.plist */ = {isa = PBXFileReference; lastKnownFileType = text.plist.xml; path = Info.plist; sourceTree = "<group>"; };
		3A5687751A3B93BD0066DB2B /* AppDelegate.swift */ = {isa = PBXFileReference; lastKnownFileType = sourcecode.swift; path = AppDelegate.swift; sourceTree = "<group>"; };
		3A5687771A3B93BD0066DB2B /* ViewController.swift */ = {isa = PBXFileReference; lastKnownFileType = sourcecode.swift; path = ViewController.swift; sourceTree = "<group>"; };
		3A5687791A3B93BD0066DB2B /* Images.xcassets */ = {isa = PBXFileReference; lastKnownFileType = folder.assetcatalog; path = Images.xcassets; sourceTree = "<group>"; };
		3A56877C1A3B93BD0066DB2B /* Base */ = {isa = PBXFileReference; lastKnownFileType = file.storyboard; name = Base; path = Base.lproj/Main.storyboard; sourceTree = "<group>"; };
		3A5687821A3B93BD0066DB2B /* BuildasaurTests.xctest */ = {isa = PBXFileReference; explicitFileType = wrapper.cfbundle; includeInIndex = 0; path = BuildasaurTests.xctest; sourceTree = BUILT_PRODUCTS_DIR; };
		3A5687871A3B93BD0066DB2B /* Info.plist */ = {isa = PBXFileReference; lastKnownFileType = text.plist.xml; path = Info.plist; sourceTree = "<group>"; };
		3A5687881A3B93BD0066DB2B /* BuildasaurTests.swift */ = {isa = PBXFileReference; lastKnownFileType = sourcecode.swift; path = BuildasaurTests.swift; sourceTree = "<group>"; };
		3A58B1521A3B967C003E0266 /* GitHubServer.swift */ = {isa = PBXFileReference; fileEncoding = 4; lastKnownFileType = sourcecode.swift; name = GitHubServer.swift; path = ../BuildaGitServer/GitHubServer.swift; sourceTree = "<group>"; };
		3A58B1581A3B96C9003E0266 /* GitHubServerTests.swift */ = {isa = PBXFileReference; fileEncoding = 4; lastKnownFileType = sourcecode.swift; name = GitHubServerTests.swift; path = ../GitSourceTests/GitHubServerTests.swift; sourceTree = "<group>"; };
		3A6355D71A3BBCD200545BF9 /* GitHubEndpoints.swift */ = {isa = PBXFileReference; fileEncoding = 4; lastKnownFileType = sourcecode.swift; name = GitHubEndpoints.swift; path = ../BuildaGitServer/GitHubEndpoints.swift; sourceTree = "<group>"; };
		3A6355D91A3BBDA500545BF9 /* GitHubFactory.swift */ = {isa = PBXFileReference; fileEncoding = 4; lastKnownFileType = sourcecode.swift; name = GitHubFactory.swift; path = ../BuildaGitServer/GitHubFactory.swift; sourceTree = "<group>"; };
		3A6355DC1A3BC19800545BF9 /* HTTPUtils.swift */ = {isa = PBXFileReference; fileEncoding = 4; lastKnownFileType = sourcecode.swift; path = HTTPUtils.swift; sourceTree = "<group>"; };
		3A6355DF1A3BC77F00545BF9 /* User.swift */ = {isa = PBXFileReference; fileEncoding = 4; lastKnownFileType = sourcecode.swift; name = User.swift; path = ../BuildaGitServer/User.swift; sourceTree = "<group>"; };
		3A6355E11A3BCD2800545BF9 /* Repo.swift */ = {isa = PBXFileReference; fileEncoding = 4; lastKnownFileType = sourcecode.swift; name = Repo.swift; path = ../BuildaGitServer/Repo.swift; sourceTree = "<group>"; };
		3A6355E31A3BD57D00545BF9 /* PullRequest.swift */ = {isa = PBXFileReference; fileEncoding = 4; lastKnownFileType = sourcecode.swift; name = PullRequest.swift; path = ../BuildaGitServer/PullRequest.swift; sourceTree = "<group>"; };
		3A9DEC7A1A3BDA6C008C8270 /* PullRequestBranch.swift */ = {isa = PBXFileReference; fileEncoding = 4; lastKnownFileType = sourcecode.swift; name = PullRequestBranch.swift; path = ../BuildaGitServer/PullRequestBranch.swift; sourceTree = "<group>"; };
		3AAF6E671A3CC1F400C657FB /* GitHubEntity.swift */ = {isa = PBXFileReference; fileEncoding = 4; lastKnownFileType = sourcecode.swift; name = GitHubEntity.swift; path = ../BuildaGitServer/GitHubEntity.swift; sourceTree = "<group>"; };
		3AAF6E691A3CCA0900C657FB /* Branch.swift */ = {isa = PBXFileReference; fileEncoding = 4; lastKnownFileType = sourcecode.swift; name = Branch.swift; path = ../BuildaGitServer/Branch.swift; sourceTree = "<group>"; };
		3AAF6E6B1A3CCA3B00C657FB /* Commit.swift */ = {isa = PBXFileReference; fileEncoding = 4; lastKnownFileType = sourcecode.swift; name = Commit.swift; path = ../BuildaGitServer/Commit.swift; sourceTree = "<group>"; };
		3AAF6E741A3CE4CC00C657FB /* BuildaUtils.framework */ = {isa = PBXFileReference; explicitFileType = wrapper.framework; includeInIndex = 0; path = BuildaUtils.framework; sourceTree = BUILT_PRODUCTS_DIR; };
		3AAF6E771A3CE4CC00C657FB /* Info.plist */ = {isa = PBXFileReference; lastKnownFileType = text.plist.xml; path = Info.plist; sourceTree = "<group>"; };
		3AAF6E781A3CE4CC00C657FB /* BuildaUtils.h */ = {isa = PBXFileReference; lastKnownFileType = sourcecode.c.h; path = BuildaUtils.h; sourceTree = "<group>"; };
		3AAF6E7E1A3CE4CC00C657FB /* BuildaUtilsTests.xctest */ = {isa = PBXFileReference; explicitFileType = wrapper.cfbundle; includeInIndex = 0; path = BuildaUtilsTests.xctest; sourceTree = BUILT_PRODUCTS_DIR; };
		3AAF6E861A3CE4CC00C657FB /* Info.plist */ = {isa = PBXFileReference; lastKnownFileType = text.plist.xml; path = Info.plist; sourceTree = "<group>"; };
		3AAF6E871A3CE4CC00C657FB /* BuildaUtilsTests.swift */ = {isa = PBXFileReference; lastKnownFileType = sourcecode.swift; path = BuildaUtilsTests.swift; sourceTree = "<group>"; };
		3AAF6EBE1A3CE57100C657FB /* BuildaCIServer.framework */ = {isa = PBXFileReference; explicitFileType = wrapper.framework; includeInIndex = 0; path = BuildaCIServer.framework; sourceTree = BUILT_PRODUCTS_DIR; };
		3AAF6EC11A3CE57100C657FB /* Info.plist */ = {isa = PBXFileReference; lastKnownFileType = text.plist.xml; path = Info.plist; sourceTree = "<group>"; };
		3AAF6EC21A3CE57100C657FB /* BuildaCIServer.h */ = {isa = PBXFileReference; lastKnownFileType = sourcecode.c.h; path = BuildaCIServer.h; sourceTree = "<group>"; };
		3AAF6EC81A3CE57100C657FB /* BuildaCIServerTests.xctest */ = {isa = PBXFileReference; explicitFileType = wrapper.cfbundle; includeInIndex = 0; path = BuildaCIServerTests.xctest; sourceTree = BUILT_PRODUCTS_DIR; };
		3AAF6ED01A3CE57200C657FB /* Info.plist */ = {isa = PBXFileReference; lastKnownFileType = text.plist.xml; path = Info.plist; sourceTree = "<group>"; };
		3AAF6ED11A3CE57200C657FB /* BuildaCIServerTests.swift */ = {isa = PBXFileReference; lastKnownFileType = sourcecode.swift; path = BuildaCIServerTests.swift; sourceTree = "<group>"; };
		3AAF6EE41A3CE5BA00C657FB /* BuildaGitServer.framework */ = {isa = PBXFileReference; explicitFileType = wrapper.framework; includeInIndex = 0; path = BuildaGitServer.framework; sourceTree = BUILT_PRODUCTS_DIR; };
		3AAF6EE71A3CE5BA00C657FB /* Info.plist */ = {isa = PBXFileReference; lastKnownFileType = text.plist.xml; path = Info.plist; sourceTree = "<group>"; };
		3AAF6EE81A3CE5BA00C657FB /* BuildaGitServer.h */ = {isa = PBXFileReference; lastKnownFileType = sourcecode.c.h; path = BuildaGitServer.h; sourceTree = "<group>"; };
		3AAF6EEE1A3CE5BA00C657FB /* BuildaGitServerTests.xctest */ = {isa = PBXFileReference; explicitFileType = wrapper.cfbundle; includeInIndex = 0; path = BuildaGitServerTests.xctest; sourceTree = BUILT_PRODUCTS_DIR; };
		3AAF6EF61A3CE5BA00C657FB /* Info.plist */ = {isa = PBXFileReference; lastKnownFileType = text.plist.xml; path = Info.plist; sourceTree = "<group>"; };
		3AAF6EF71A3CE5BA00C657FB /* BuildaGitServerTests.swift */ = {isa = PBXFileReference; lastKnownFileType = sourcecode.swift; path = BuildaGitServerTests.swift; sourceTree = "<group>"; };
		3AAF6F031A3CE66A00C657FB /* GitServerPublic.swift */ = {isa = PBXFileReference; fileEncoding = 4; lastKnownFileType = sourcecode.swift; path = GitServerPublic.swift; sourceTree = "<group>"; };
		3ACB831F1A3BB64F00E285FD /* JSON.swift */ = {isa = PBXFileReference; fileEncoding = 4; lastKnownFileType = sourcecode.swift; path = JSON.swift; sourceTree = "<group>"; };
/* End PBXFileReference section */

/* Begin PBXFrameworksBuildPhase section */
		3A56876D1A3B93BD0066DB2B /* Frameworks */ = {
			isa = PBXFrameworksBuildPhase;
			buildActionMask = 2147483647;
			files = (
				3AAF6EFB1A3CE5BA00C657FB /* BuildaGitServer.framework in Frameworks */,
				3AAF6E8B1A3CE4CC00C657FB /* BuildaUtils.framework in Frameworks */,
				3AAF6ED51A3CE57200C657FB /* BuildaCIServer.framework in Frameworks */,
			);
			runOnlyForDeploymentPostprocessing = 0;
		};
		3A56877F1A3B93BD0066DB2B /* Frameworks */ = {
			isa = PBXFrameworksBuildPhase;
			buildActionMask = 2147483647;
			files = (
			);
			runOnlyForDeploymentPostprocessing = 0;
		};
		3AAF6E701A3CE4CB00C657FB /* Frameworks */ = {
			isa = PBXFrameworksBuildPhase;
			buildActionMask = 2147483647;
			files = (
			);
			runOnlyForDeploymentPostprocessing = 0;
		};
		3AAF6E7B1A3CE4CC00C657FB /* Frameworks */ = {
			isa = PBXFrameworksBuildPhase;
			buildActionMask = 2147483647;
			files = (
				3AAF6E7F1A3CE4CC00C657FB /* BuildaUtils.framework in Frameworks */,
			);
			runOnlyForDeploymentPostprocessing = 0;
		};
		3AAF6EBA1A3CE57100C657FB /* Frameworks */ = {
			isa = PBXFrameworksBuildPhase;
			buildActionMask = 2147483647;
			files = (
				3AAF6F071A3CE6C200C657FB /* BuildaUtils.framework in Frameworks */,
			);
			runOnlyForDeploymentPostprocessing = 0;
		};
		3AAF6EC51A3CE57100C657FB /* Frameworks */ = {
			isa = PBXFrameworksBuildPhase;
			buildActionMask = 2147483647;
			files = (
				3AAF6EC91A3CE57100C657FB /* BuildaCIServer.framework in Frameworks */,
			);
			runOnlyForDeploymentPostprocessing = 0;
		};
		3AAF6EE01A3CE5BA00C657FB /* Frameworks */ = {
			isa = PBXFrameworksBuildPhase;
			buildActionMask = 2147483647;
			files = (
				3AAF6F081A3CE6C700C657FB /* BuildaUtils.framework in Frameworks */,
			);
			runOnlyForDeploymentPostprocessing = 0;
		};
		3AAF6EEB1A3CE5BA00C657FB /* Frameworks */ = {
			isa = PBXFrameworksBuildPhase;
			buildActionMask = 2147483647;
			files = (
				3AAF6EEF1A3CE5BA00C657FB /* BuildaGitServer.framework in Frameworks */,
			);
			runOnlyForDeploymentPostprocessing = 0;
		};
/* End PBXFrameworksBuildPhase section */

/* Begin PBXGroup section */
		3A5687671A3B93BD0066DB2B = {
			isa = PBXGroup;
			children = (
				3A5687721A3B93BD0066DB2B /* Buildasaur */,
				3A5687851A3B93BD0066DB2B /* BuildasaurTests */,
				3AAF6EBF1A3CE57100C657FB /* BuildaCIServer */,
				3AAF6ECE1A3CE57100C657FB /* BuildaCIServerTests */,
				3AAF6EE51A3CE5BA00C657FB /* BuildaGitServer */,
				3AAF6EF41A3CE5BA00C657FB /* BuildaGitServerTests */,
				3AAF6E751A3CE4CC00C657FB /* BuildaUtils */,
				3AAF6E841A3CE4CC00C657FB /* BuildaUtilsTests */,
				3A5687711A3B93BD0066DB2B /* Products */,
			);
			sourceTree = "<group>";
		};
		3A5687711A3B93BD0066DB2B /* Products */ = {
			isa = PBXGroup;
			children = (
				3A5687701A3B93BD0066DB2B /* Buildasaur.app */,
				3A5687821A3B93BD0066DB2B /* BuildasaurTests.xctest */,
				3AAF6E741A3CE4CC00C657FB /* BuildaUtils.framework */,
				3AAF6E7E1A3CE4CC00C657FB /* BuildaUtilsTests.xctest */,
				3AAF6EBE1A3CE57100C657FB /* BuildaCIServer.framework */,
				3AAF6EC81A3CE57100C657FB /* BuildaCIServerTests.xctest */,
				3AAF6EE41A3CE5BA00C657FB /* BuildaGitServer.framework */,
				3AAF6EEE1A3CE5BA00C657FB /* BuildaGitServerTests.xctest */,
			);
			name = Products;
			sourceTree = "<group>";
		};
		3A5687721A3B93BD0066DB2B /* Buildasaur */ = {
			isa = PBXGroup;
			children = (
				3A5687751A3B93BD0066DB2B /* AppDelegate.swift */,
				3A5687771A3B93BD0066DB2B /* ViewController.swift */,
				3A5687791A3B93BD0066DB2B /* Images.xcassets */,
				3A56877B1A3B93BD0066DB2B /* Main.storyboard */,
				3A5687731A3B93BD0066DB2B /* Supporting Files */,
			);
			path = Buildasaur;
			sourceTree = "<group>";
		};
		3A5687731A3B93BD0066DB2B /* Supporting Files */ = {
			isa = PBXGroup;
			children = (
				3A5687741A3B93BD0066DB2B /* Info.plist */,
			);
			name = "Supporting Files";
			sourceTree = "<group>";
		};
		3A5687851A3B93BD0066DB2B /* BuildasaurTests */ = {
			isa = PBXGroup;
			children = (
				3A5687881A3B93BD0066DB2B /* BuildasaurTests.swift */,
				3A5687861A3B93BD0066DB2B /* Supporting Files */,
			);
			path = BuildasaurTests;
			sourceTree = "<group>";
		};
		3A5687861A3B93BD0066DB2B /* Supporting Files */ = {
			isa = PBXGroup;
			children = (
				3A5687871A3B93BD0066DB2B /* Info.plist */,
			);
			name = "Supporting Files";
			sourceTree = "<group>";
		};
		3A6355DB1A3BBDB000545BF9 /* GitHub */ = {
			isa = PBXGroup;
			children = (
				3A6355DE1A3BC77500545BF9 /* Entities */,
				3A6355D71A3BBCD200545BF9 /* GitHubEndpoints.swift */,
				3A6355D91A3BBDA500545BF9 /* GitHubFactory.swift */,
				3A58B1521A3B967C003E0266 /* GitHubServer.swift */,
			);
			name = GitHub;
			path = ../GitSource;
			sourceTree = "<group>";
		};
		3A6355DE1A3BC77500545BF9 /* Entities */ = {
			isa = PBXGroup;
			children = (
				3AAF6E691A3CCA0900C657FB /* Branch.swift */,
				3AAF6E6B1A3CCA3B00C657FB /* Commit.swift */,
				3AAF6E671A3CC1F400C657FB /* GitHubEntity.swift */,
				3A6355E31A3BD57D00545BF9 /* PullRequest.swift */,
				3A9DEC7A1A3BDA6C008C8270 /* PullRequestBranch.swift */,
				3A6355E11A3BCD2800545BF9 /* Repo.swift */,
				3A6355DF1A3BC77F00545BF9 /* User.swift */,
			);
			name = Entities;
			sourceTree = "<group>";
		};
		3AAF6E751A3CE4CC00C657FB /* BuildaUtils */ = {
			isa = PBXGroup;
			children = (
				3A6355DC1A3BC19800545BF9 /* HTTPUtils.swift */,
				3ACB831F1A3BB64F00E285FD /* JSON.swift */,
				3AAF6E781A3CE4CC00C657FB /* BuildaUtils.h */,
				3AAF6E761A3CE4CC00C657FB /* Supporting Files */,
			);
			path = BuildaUtils;
			sourceTree = "<group>";
		};
		3AAF6E761A3CE4CC00C657FB /* Supporting Files */ = {
			isa = PBXGroup;
			children = (
				3AAF6E771A3CE4CC00C657FB /* Info.plist */,
			);
			name = "Supporting Files";
			sourceTree = "<group>";
		};
		3AAF6E841A3CE4CC00C657FB /* BuildaUtilsTests */ = {
			isa = PBXGroup;
			children = (
				3AAF6E871A3CE4CC00C657FB /* BuildaUtilsTests.swift */,
				3AAF6E851A3CE4CC00C657FB /* Supporting Files */,
			);
			path = BuildaUtilsTests;
			sourceTree = "<group>";
		};
		3AAF6E851A3CE4CC00C657FB /* Supporting Files */ = {
			isa = PBXGroup;
			children = (
				3AAF6E861A3CE4CC00C657FB /* Info.plist */,
			);
			name = "Supporting Files";
			sourceTree = "<group>";
		};
		3AAF6EBF1A3CE57100C657FB /* BuildaCIServer */ = {
			isa = PBXGroup;
			children = (
				3AAF6EC21A3CE57100C657FB /* BuildaCIServer.h */,
				3AAF6EC01A3CE57100C657FB /* Supporting Files */,
			);
			path = BuildaCIServer;
			sourceTree = "<group>";
		};
		3AAF6EC01A3CE57100C657FB /* Supporting Files */ = {
			isa = PBXGroup;
			children = (
				3AAF6EC11A3CE57100C657FB /* Info.plist */,
			);
			name = "Supporting Files";
			sourceTree = "<group>";
		};
		3AAF6ECE1A3CE57100C657FB /* BuildaCIServerTests */ = {
			isa = PBXGroup;
			children = (
				3AAF6ED11A3CE57200C657FB /* BuildaCIServerTests.swift */,
				3AAF6ECF1A3CE57200C657FB /* Supporting Files */,
			);
			path = BuildaCIServerTests;
			sourceTree = "<group>";
		};
		3AAF6ECF1A3CE57200C657FB /* Supporting Files */ = {
			isa = PBXGroup;
			children = (
				3AAF6ED01A3CE57200C657FB /* Info.plist */,
			);
			name = "Supporting Files";
			sourceTree = "<group>";
		};
		3AAF6EE51A3CE5BA00C657FB /* BuildaGitServer */ = {
			isa = PBXGroup;
			children = (
				3AAF6F031A3CE66A00C657FB /* GitServerPublic.swift */,
				3AAF6EE81A3CE5BA00C657FB /* BuildaGitServer.h */,
				3A6355DB1A3BBDB000545BF9 /* GitHub */,
				3AAF6EE61A3CE5BA00C657FB /* Supporting Files */,
			);
			path = BuildaGitServer;
			sourceTree = "<group>";
		};
		3AAF6EE61A3CE5BA00C657FB /* Supporting Files */ = {
			isa = PBXGroup;
			children = (
				3AAF6EE71A3CE5BA00C657FB /* Info.plist */,
			);
			name = "Supporting Files";
			sourceTree = "<group>";
		};
		3AAF6EF41A3CE5BA00C657FB /* BuildaGitServerTests */ = {
			isa = PBXGroup;
			children = (
				3AAF6EF71A3CE5BA00C657FB /* BuildaGitServerTests.swift */,
				3A58B1581A3B96C9003E0266 /* GitHubServerTests.swift */,
				3AAF6EF51A3CE5BA00C657FB /* Supporting Files */,
			);
			path = BuildaGitServerTests;
			sourceTree = "<group>";
		};
		3AAF6EF51A3CE5BA00C657FB /* Supporting Files */ = {
			isa = PBXGroup;
			children = (
				3AAF6EF61A3CE5BA00C657FB /* Info.plist */,
			);
			name = "Supporting Files";
			sourceTree = "<group>";
		};
/* End PBXGroup section */

/* Begin PBXHeadersBuildPhase section */
		3AAF6E711A3CE4CB00C657FB /* Headers */ = {
			isa = PBXHeadersBuildPhase;
			buildActionMask = 2147483647;
			files = (
				3AAF6E791A3CE4CC00C657FB /* BuildaUtils.h in Headers */,
			);
			runOnlyForDeploymentPostprocessing = 0;
		};
		3AAF6EBB1A3CE57100C657FB /* Headers */ = {
			isa = PBXHeadersBuildPhase;
			buildActionMask = 2147483647;
			files = (
				3AAF6EC31A3CE57100C657FB /* BuildaCIServer.h in Headers */,
			);
			runOnlyForDeploymentPostprocessing = 0;
		};
		3AAF6EE11A3CE5BA00C657FB /* Headers */ = {
			isa = PBXHeadersBuildPhase;
			buildActionMask = 2147483647;
			files = (
				3AAF6EE91A3CE5BA00C657FB /* BuildaGitServer.h in Headers */,
			);
			runOnlyForDeploymentPostprocessing = 0;
		};
/* End PBXHeadersBuildPhase section */

/* Begin PBXNativeTarget section */
		3A56876F1A3B93BD0066DB2B /* Buildasaur */ = {
			isa = PBXNativeTarget;
			buildConfigurationList = 3A56878C1A3B93BD0066DB2B /* Build configuration list for PBXNativeTarget "Buildasaur" */;
			buildPhases = (
				3A56876C1A3B93BD0066DB2B /* Sources */,
				3A56876D1A3B93BD0066DB2B /* Frameworks */,
				3A56876E1A3B93BD0066DB2B /* Resources */,
				3A58B14E1A3B9604003E0266 /* Embed Frameworks */,
			);
			buildRules = (
			);
			dependencies = (
				3AAF6E8A1A3CE4CC00C657FB /* PBXTargetDependency */,
				3AAF6ED41A3CE57200C657FB /* PBXTargetDependency */,
				3AAF6EFA1A3CE5BA00C657FB /* PBXTargetDependency */,
			);
			name = Buildasaur;
			productName = Buildasaur;
			productReference = 3A5687701A3B93BD0066DB2B /* Buildasaur.app */;
			productType = "com.apple.product-type.application";
		};
		3A5687811A3B93BD0066DB2B /* BuildasaurTests */ = {
			isa = PBXNativeTarget;
			buildConfigurationList = 3A56878F1A3B93BD0066DB2B /* Build configuration list for PBXNativeTarget "BuildasaurTests" */;
			buildPhases = (
				3A56877E1A3B93BD0066DB2B /* Sources */,
				3A56877F1A3B93BD0066DB2B /* Frameworks */,
				3A5687801A3B93BD0066DB2B /* Resources */,
			);
			buildRules = (
			);
			dependencies = (
				3A5687841A3B93BD0066DB2B /* PBXTargetDependency */,
			);
			name = BuildasaurTests;
			productName = BuildasaurTests;
			productReference = 3A5687821A3B93BD0066DB2B /* BuildasaurTests.xctest */;
			productType = "com.apple.product-type.bundle.unit-test";
		};
		3AAF6E731A3CE4CB00C657FB /* BuildaUtils */ = {
			isa = PBXNativeTarget;
			buildConfigurationList = 3AAF6E8D1A3CE4CC00C657FB /* Build configuration list for PBXNativeTarget "BuildaUtils" */;
			buildPhases = (
				3AAF6E6F1A3CE4CB00C657FB /* Sources */,
				3AAF6E701A3CE4CB00C657FB /* Frameworks */,
				3AAF6E711A3CE4CB00C657FB /* Headers */,
				3AAF6E721A3CE4CB00C657FB /* Resources */,
			);
			buildRules = (
			);
			dependencies = (
			);
			name = BuildaUtils;
			productName = BuildaUtils;
			productReference = 3AAF6E741A3CE4CC00C657FB /* BuildaUtils.framework */;
			productType = "com.apple.product-type.framework";
		};
		3AAF6E7D1A3CE4CC00C657FB /* BuildaUtilsTests */ = {
			isa = PBXNativeTarget;
			buildConfigurationList = 3AAF6E901A3CE4CC00C657FB /* Build configuration list for PBXNativeTarget "BuildaUtilsTests" */;
			buildPhases = (
				3AAF6E7A1A3CE4CC00C657FB /* Sources */,
				3AAF6E7B1A3CE4CC00C657FB /* Frameworks */,
				3AAF6E7C1A3CE4CC00C657FB /* Resources */,
			);
			buildRules = (
			);
			dependencies = (
				3AAF6E811A3CE4CC00C657FB /* PBXTargetDependency */,
				3AAF6E831A3CE4CC00C657FB /* PBXTargetDependency */,
			);
			name = BuildaUtilsTests;
			productName = BuildaUtilsTests;
			productReference = 3AAF6E7E1A3CE4CC00C657FB /* BuildaUtilsTests.xctest */;
			productType = "com.apple.product-type.bundle.unit-test";
		};
		3AAF6EBD1A3CE57100C657FB /* BuildaCIServer */ = {
			isa = PBXNativeTarget;
			buildConfigurationList = 3AAF6ED71A3CE57200C657FB /* Build configuration list for PBXNativeTarget "BuildaCIServer" */;
			buildPhases = (
				3AAF6EB91A3CE57100C657FB /* Sources */,
				3AAF6EBA1A3CE57100C657FB /* Frameworks */,
				3AAF6EBB1A3CE57100C657FB /* Headers */,
				3AAF6EBC1A3CE57100C657FB /* Resources */,
			);
			buildRules = (
			);
			dependencies = (
				3AAF6EDE1A3CE58800C657FB /* PBXTargetDependency */,
			);
			name = BuildaCIServer;
			productName = BuildaCIServer;
			productReference = 3AAF6EBE1A3CE57100C657FB /* BuildaCIServer.framework */;
			productType = "com.apple.product-type.framework";
		};
		3AAF6EC71A3CE57100C657FB /* BuildaCIServerTests */ = {
			isa = PBXNativeTarget;
			buildConfigurationList = 3AAF6EDA1A3CE57200C657FB /* Build configuration list for PBXNativeTarget "BuildaCIServerTests" */;
			buildPhases = (
				3AAF6EC41A3CE57100C657FB /* Sources */,
				3AAF6EC51A3CE57100C657FB /* Frameworks */,
				3AAF6EC61A3CE57100C657FB /* Resources */,
			);
			buildRules = (
			);
			dependencies = (
				3AAF6ECB1A3CE57100C657FB /* PBXTargetDependency */,
				3AAF6ECD1A3CE57100C657FB /* PBXTargetDependency */,
			);
			name = BuildaCIServerTests;
			productName = BuildaCIServerTests;
			productReference = 3AAF6EC81A3CE57100C657FB /* BuildaCIServerTests.xctest */;
			productType = "com.apple.product-type.bundle.unit-test";
		};
		3AAF6EE31A3CE5BA00C657FB /* BuildaGitServer */ = {
			isa = PBXNativeTarget;
			buildConfigurationList = 3AAF6EFD1A3CE5BA00C657FB /* Build configuration list for PBXNativeTarget "BuildaGitServer" */;
			buildPhases = (
				3AAF6EDF1A3CE5BA00C657FB /* Sources */,
				3AAF6EE01A3CE5BA00C657FB /* Frameworks */,
				3AAF6EE11A3CE5BA00C657FB /* Headers */,
				3AAF6EE21A3CE5BA00C657FB /* Resources */,
			);
			buildRules = (
			);
			dependencies = (
				3AAF6F061A3CE6AA00C657FB /* PBXTargetDependency */,
			);
			name = BuildaGitServer;
			productName = BuildaGitServer;
			productReference = 3AAF6EE41A3CE5BA00C657FB /* BuildaGitServer.framework */;
			productType = "com.apple.product-type.framework";
		};
		3AAF6EED1A3CE5BA00C657FB /* BuildaGitServerTests */ = {
			isa = PBXNativeTarget;
			buildConfigurationList = 3AAF6F001A3CE5BA00C657FB /* Build configuration list for PBXNativeTarget "BuildaGitServerTests" */;
			buildPhases = (
				3AAF6EEA1A3CE5BA00C657FB /* Sources */,
				3AAF6EEB1A3CE5BA00C657FB /* Frameworks */,
				3AAF6EEC1A3CE5BA00C657FB /* Resources */,
			);
			buildRules = (
			);
			dependencies = (
				3AAF6EF11A3CE5BA00C657FB /* PBXTargetDependency */,
				3AAF6EF31A3CE5BA00C657FB /* PBXTargetDependency */,
			);
			name = BuildaGitServerTests;
			productName = BuildaGitServerTests;
			productReference = 3AAF6EEE1A3CE5BA00C657FB /* BuildaGitServerTests.xctest */;
			productType = "com.apple.product-type.bundle.unit-test";
		};
/* End PBXNativeTarget section */

/* Begin PBXProject section */
		3A5687681A3B93BD0066DB2B /* Project object */ = {
			isa = PBXProject;
			attributes = {
				LastUpgradeCheck = 0610;
				ORGANIZATIONNAME = "Honza Dvorsky";
				TargetAttributes = {
					3A56876F1A3B93BD0066DB2B = {
						CreatedOnToolsVersion = 6.1.1;
					};
					3A5687811A3B93BD0066DB2B = {
						CreatedOnToolsVersion = 6.1.1;
						TestTargetID = 3A56876F1A3B93BD0066DB2B;
					};
					3AAF6E731A3CE4CB00C657FB = {
						CreatedOnToolsVersion = 6.1.1;
					};
					3AAF6E7D1A3CE4CC00C657FB = {
						CreatedOnToolsVersion = 6.1.1;
						TestTargetID = 3A56876F1A3B93BD0066DB2B;
					};
					3AAF6EBD1A3CE57100C657FB = {
						CreatedOnToolsVersion = 6.1.1;
					};
					3AAF6EC71A3CE57100C657FB = {
						CreatedOnToolsVersion = 6.1.1;
						TestTargetID = 3A56876F1A3B93BD0066DB2B;
					};
					3AAF6EE31A3CE5BA00C657FB = {
						CreatedOnToolsVersion = 6.1.1;
					};
					3AAF6EED1A3CE5BA00C657FB = {
						CreatedOnToolsVersion = 6.1.1;
						TestTargetID = 3A56876F1A3B93BD0066DB2B;
					};
				};
			};
			buildConfigurationList = 3A56876B1A3B93BD0066DB2B /* Build configuration list for PBXProject "Buildasaur" */;
			compatibilityVersion = "Xcode 3.2";
			developmentRegion = English;
			hasScannedForEncodings = 0;
			knownRegions = (
				en,
				Base,
			);
			mainGroup = 3A5687671A3B93BD0066DB2B;
			productRefGroup = 3A5687711A3B93BD0066DB2B /* Products */;
			projectDirPath = "";
			projectRoot = "";
			targets = (
				3A56876F1A3B93BD0066DB2B /* Buildasaur */,
				3A5687811A3B93BD0066DB2B /* BuildasaurTests */,
				3AAF6E731A3CE4CB00C657FB /* BuildaUtils */,
				3AAF6E7D1A3CE4CC00C657FB /* BuildaUtilsTests */,
				3AAF6EBD1A3CE57100C657FB /* BuildaCIServer */,
				3AAF6EC71A3CE57100C657FB /* BuildaCIServerTests */,
				3AAF6EE31A3CE5BA00C657FB /* BuildaGitServer */,
				3AAF6EED1A3CE5BA00C657FB /* BuildaGitServerTests */,
			);
		};
/* End PBXProject section */

/* Begin PBXResourcesBuildPhase section */
		3A56876E1A3B93BD0066DB2B /* Resources */ = {
			isa = PBXResourcesBuildPhase;
			buildActionMask = 2147483647;
			files = (
				3A56877A1A3B93BD0066DB2B /* Images.xcassets in Resources */,
				3A56877D1A3B93BD0066DB2B /* Main.storyboard in Resources */,
			);
			runOnlyForDeploymentPostprocessing = 0;
		};
		3A5687801A3B93BD0066DB2B /* Resources */ = {
			isa = PBXResourcesBuildPhase;
			buildActionMask = 2147483647;
			files = (
			);
			runOnlyForDeploymentPostprocessing = 0;
		};
		3AAF6E721A3CE4CB00C657FB /* Resources */ = {
			isa = PBXResourcesBuildPhase;
			buildActionMask = 2147483647;
			files = (
			);
			runOnlyForDeploymentPostprocessing = 0;
		};
		3AAF6E7C1A3CE4CC00C657FB /* Resources */ = {
			isa = PBXResourcesBuildPhase;
			buildActionMask = 2147483647;
			files = (
			);
			runOnlyForDeploymentPostprocessing = 0;
		};
		3AAF6EBC1A3CE57100C657FB /* Resources */ = {
			isa = PBXResourcesBuildPhase;
			buildActionMask = 2147483647;
			files = (
			);
			runOnlyForDeploymentPostprocessing = 0;
		};
		3AAF6EC61A3CE57100C657FB /* Resources */ = {
			isa = PBXResourcesBuildPhase;
			buildActionMask = 2147483647;
			files = (
			);
			runOnlyForDeploymentPostprocessing = 0;
		};
		3AAF6EE21A3CE5BA00C657FB /* Resources */ = {
			isa = PBXResourcesBuildPhase;
			buildActionMask = 2147483647;
			files = (
			);
			runOnlyForDeploymentPostprocessing = 0;
		};
		3AAF6EEC1A3CE5BA00C657FB /* Resources */ = {
			isa = PBXResourcesBuildPhase;
			buildActionMask = 2147483647;
			files = (
			);
			runOnlyForDeploymentPostprocessing = 0;
		};
/* End PBXResourcesBuildPhase section */

/* Begin PBXSourcesBuildPhase section */
		3A56876C1A3B93BD0066DB2B /* Sources */ = {
			isa = PBXSourcesBuildPhase;
			buildActionMask = 2147483647;
			files = (
				3A5687781A3B93BD0066DB2B /* ViewController.swift in Sources */,
				3A5687761A3B93BD0066DB2B /* AppDelegate.swift in Sources */,
			);
			runOnlyForDeploymentPostprocessing = 0;
		};
		3A56877E1A3B93BD0066DB2B /* Sources */ = {
			isa = PBXSourcesBuildPhase;
			buildActionMask = 2147483647;
			files = (
				3A5687891A3B93BD0066DB2B /* BuildasaurTests.swift in Sources */,
			);
			runOnlyForDeploymentPostprocessing = 0;
		};
		3AAF6E6F1A3CE4CB00C657FB /* Sources */ = {
			isa = PBXSourcesBuildPhase;
			buildActionMask = 2147483647;
			files = (
				3AAF6F091A3CE75600C657FB /* HTTPUtils.swift in Sources */,
				3AAF6F0A1A3CE75600C657FB /* JSON.swift in Sources */,
			);
			runOnlyForDeploymentPostprocessing = 0;
		};
		3AAF6E7A1A3CE4CC00C657FB /* Sources */ = {
			isa = PBXSourcesBuildPhase;
			buildActionMask = 2147483647;
			files = (
				3AAF6E881A3CE4CC00C657FB /* BuildaUtilsTests.swift in Sources */,
			);
			runOnlyForDeploymentPostprocessing = 0;
		};
		3AAF6EB91A3CE57100C657FB /* Sources */ = {
			isa = PBXSourcesBuildPhase;
			buildActionMask = 2147483647;
			files = (
			);
			runOnlyForDeploymentPostprocessing = 0;
		};
		3AAF6EC41A3CE57100C657FB /* Sources */ = {
			isa = PBXSourcesBuildPhase;
			buildActionMask = 2147483647;
			files = (
				3AAF6ED21A3CE57200C657FB /* BuildaCIServerTests.swift in Sources */,
			);
			runOnlyForDeploymentPostprocessing = 0;
		};
		3AAF6EDF1A3CE5BA00C657FB /* Sources */ = {
			isa = PBXSourcesBuildPhase;
			buildActionMask = 2147483647;
			files = (
				3AAF6F041A3CE66A00C657FB /* GitServerPublic.swift in Sources */,
			);
			runOnlyForDeploymentPostprocessing = 0;
		};
		3AAF6EEA1A3CE5BA00C657FB /* Sources */ = {
			isa = PBXSourcesBuildPhase;
			buildActionMask = 2147483647;
			files = (
				3AAF6EF81A3CE5BA00C657FB /* BuildaGitServerTests.swift in Sources */,
			);
			runOnlyForDeploymentPostprocessing = 0;
		};
/* End PBXSourcesBuildPhase section */

/* Begin PBXTargetDependency section */
		3A5687841A3B93BD0066DB2B /* PBXTargetDependency */ = {
			isa = PBXTargetDependency;
			target = 3A56876F1A3B93BD0066DB2B /* Buildasaur */;
			targetProxy = 3A5687831A3B93BD0066DB2B /* PBXContainerItemProxy */;
		};
		3AAF6E811A3CE4CC00C657FB /* PBXTargetDependency */ = {
			isa = PBXTargetDependency;
			target = 3AAF6E731A3CE4CB00C657FB /* BuildaUtils */;
			targetProxy = 3AAF6E801A3CE4CC00C657FB /* PBXContainerItemProxy */;
		};
		3AAF6E831A3CE4CC00C657FB /* PBXTargetDependency */ = {
			isa = PBXTargetDependency;
			target = 3A56876F1A3B93BD0066DB2B /* Buildasaur */;
			targetProxy = 3AAF6E821A3CE4CC00C657FB /* PBXContainerItemProxy */;
		};
		3AAF6E8A1A3CE4CC00C657FB /* PBXTargetDependency */ = {
			isa = PBXTargetDependency;
			target = 3AAF6E731A3CE4CB00C657FB /* BuildaUtils */;
			targetProxy = 3AAF6E891A3CE4CC00C657FB /* PBXContainerItemProxy */;
		};
		3AAF6ECB1A3CE57100C657FB /* PBXTargetDependency */ = {
			isa = PBXTargetDependency;
			target = 3AAF6EBD1A3CE57100C657FB /* BuildaCIServer */;
			targetProxy = 3AAF6ECA1A3CE57100C657FB /* PBXContainerItemProxy */;
		};
		3AAF6ECD1A3CE57100C657FB /* PBXTargetDependency */ = {
			isa = PBXTargetDependency;
			target = 3A56876F1A3B93BD0066DB2B /* Buildasaur */;
			targetProxy = 3AAF6ECC1A3CE57100C657FB /* PBXContainerItemProxy */;
		};
		3AAF6ED41A3CE57200C657FB /* PBXTargetDependency */ = {
			isa = PBXTargetDependency;
			target = 3AAF6EBD1A3CE57100C657FB /* BuildaCIServer */;
			targetProxy = 3AAF6ED31A3CE57200C657FB /* PBXContainerItemProxy */;
		};
		3AAF6EDE1A3CE58800C657FB /* PBXTargetDependency */ = {
			isa = PBXTargetDependency;
			target = 3AAF6E731A3CE4CB00C657FB /* BuildaUtils */;
			targetProxy = 3AAF6EDD1A3CE58800C657FB /* PBXContainerItemProxy */;
		};
		3AAF6EF11A3CE5BA00C657FB /* PBXTargetDependency */ = {
			isa = PBXTargetDependency;
			target = 3AAF6EE31A3CE5BA00C657FB /* BuildaGitServer */;
			targetProxy = 3AAF6EF01A3CE5BA00C657FB /* PBXContainerItemProxy */;
		};
		3AAF6EF31A3CE5BA00C657FB /* PBXTargetDependency */ = {
			isa = PBXTargetDependency;
			target = 3A56876F1A3B93BD0066DB2B /* Buildasaur */;
			targetProxy = 3AAF6EF21A3CE5BA00C657FB /* PBXContainerItemProxy */;
		};
		3AAF6EFA1A3CE5BA00C657FB /* PBXTargetDependency */ = {
			isa = PBXTargetDependency;
			target = 3AAF6EE31A3CE5BA00C657FB /* BuildaGitServer */;
			targetProxy = 3AAF6EF91A3CE5BA00C657FB /* PBXContainerItemProxy */;
		};
		3AAF6F061A3CE6AA00C657FB /* PBXTargetDependency */ = {
			isa = PBXTargetDependency;
			target = 3AAF6E731A3CE4CB00C657FB /* BuildaUtils */;
			targetProxy = 3AAF6F051A3CE6AA00C657FB /* PBXContainerItemProxy */;
		};
/* End PBXTargetDependency section */

/* Begin PBXVariantGroup section */
		3A56877B1A3B93BD0066DB2B /* Main.storyboard */ = {
			isa = PBXVariantGroup;
			children = (
				3A56877C1A3B93BD0066DB2B /* Base */,
			);
			name = Main.storyboard;
			sourceTree = "<group>";
		};
/* End PBXVariantGroup section */

/* Begin XCBuildConfiguration section */
		3A56878A1A3B93BD0066DB2B /* Debug */ = {
			isa = XCBuildConfiguration;
			buildSettings = {
				ALWAYS_SEARCH_USER_PATHS = NO;
				CLANG_CXX_LANGUAGE_STANDARD = "gnu++0x";
				CLANG_CXX_LIBRARY = "libc++";
				CLANG_ENABLE_MODULES = YES;
				CLANG_ENABLE_OBJC_ARC = YES;
				CLANG_WARN_BOOL_CONVERSION = YES;
				CLANG_WARN_CONSTANT_CONVERSION = YES;
				CLANG_WARN_DIRECT_OBJC_ISA_USAGE = YES_ERROR;
				CLANG_WARN_EMPTY_BODY = YES;
				CLANG_WARN_ENUM_CONVERSION = YES;
				CLANG_WARN_INT_CONVERSION = YES;
				CLANG_WARN_OBJC_ROOT_CLASS = YES_ERROR;
				CLANG_WARN_UNREACHABLE_CODE = YES;
				CLANG_WARN__DUPLICATE_METHOD_MATCH = YES;
				CODE_SIGN_IDENTITY = "-";
				COPY_PHASE_STRIP = NO;
				ENABLE_STRICT_OBJC_MSGSEND = YES;
				GCC_C_LANGUAGE_STANDARD = gnu99;
				GCC_DYNAMIC_NO_PIC = NO;
				GCC_OPTIMIZATION_LEVEL = 0;
				GCC_PREPROCESSOR_DEFINITIONS = (
					"DEBUG=1",
					"$(inherited)",
				);
				GCC_SYMBOLS_PRIVATE_EXTERN = NO;
				GCC_WARN_64_TO_32_BIT_CONVERSION = YES;
				GCC_WARN_ABOUT_RETURN_TYPE = YES_ERROR;
				GCC_WARN_UNDECLARED_SELECTOR = YES;
				GCC_WARN_UNINITIALIZED_AUTOS = YES_AGGRESSIVE;
				GCC_WARN_UNUSED_FUNCTION = YES;
				GCC_WARN_UNUSED_VARIABLE = YES;
				MACOSX_DEPLOYMENT_TARGET = 10.10;
				MTL_ENABLE_DEBUG_INFO = YES;
				ONLY_ACTIVE_ARCH = YES;
				SDKROOT = macosx;
				SWIFT_OPTIMIZATION_LEVEL = "-Onone";
			};
			name = Debug;
		};
		3A56878B1A3B93BD0066DB2B /* Release */ = {
			isa = XCBuildConfiguration;
			buildSettings = {
				ALWAYS_SEARCH_USER_PATHS = NO;
				CLANG_CXX_LANGUAGE_STANDARD = "gnu++0x";
				CLANG_CXX_LIBRARY = "libc++";
				CLANG_ENABLE_MODULES = YES;
				CLANG_ENABLE_OBJC_ARC = YES;
				CLANG_WARN_BOOL_CONVERSION = YES;
				CLANG_WARN_CONSTANT_CONVERSION = YES;
				CLANG_WARN_DIRECT_OBJC_ISA_USAGE = YES_ERROR;
				CLANG_WARN_EMPTY_BODY = YES;
				CLANG_WARN_ENUM_CONVERSION = YES;
				CLANG_WARN_INT_CONVERSION = YES;
				CLANG_WARN_OBJC_ROOT_CLASS = YES_ERROR;
				CLANG_WARN_UNREACHABLE_CODE = YES;
				CLANG_WARN__DUPLICATE_METHOD_MATCH = YES;
				CODE_SIGN_IDENTITY = "-";
				COPY_PHASE_STRIP = YES;
				DEBUG_INFORMATION_FORMAT = "dwarf-with-dsym";
				ENABLE_NS_ASSERTIONS = NO;
				ENABLE_STRICT_OBJC_MSGSEND = YES;
				GCC_C_LANGUAGE_STANDARD = gnu99;
				GCC_WARN_64_TO_32_BIT_CONVERSION = YES;
				GCC_WARN_ABOUT_RETURN_TYPE = YES_ERROR;
				GCC_WARN_UNDECLARED_SELECTOR = YES;
				GCC_WARN_UNINITIALIZED_AUTOS = YES_AGGRESSIVE;
				GCC_WARN_UNUSED_FUNCTION = YES;
				GCC_WARN_UNUSED_VARIABLE = YES;
				MACOSX_DEPLOYMENT_TARGET = 10.10;
				MTL_ENABLE_DEBUG_INFO = NO;
				SDKROOT = macosx;
			};
			name = Release;
		};
		3A56878D1A3B93BD0066DB2B /* Debug */ = {
			isa = XCBuildConfiguration;
			buildSettings = {
				ASSETCATALOG_COMPILER_APPICON_NAME = AppIcon;
				CODE_SIGN_IDENTITY = "";
				COMBINE_HIDPI_IMAGES = YES;
				INFOPLIST_FILE = Buildasaur/Info.plist;
				LD_RUNPATH_SEARCH_PATHS = "$(inherited) @executable_path/../Frameworks";
				MACOSX_DEPLOYMENT_TARGET = 10.9;
				PRODUCT_NAME = "$(TARGET_NAME)";
			};
			name = Debug;
		};
		3A56878E1A3B93BD0066DB2B /* Release */ = {
			isa = XCBuildConfiguration;
			buildSettings = {
				ASSETCATALOG_COMPILER_APPICON_NAME = AppIcon;
				CODE_SIGN_IDENTITY = "";
				COMBINE_HIDPI_IMAGES = YES;
				INFOPLIST_FILE = Buildasaur/Info.plist;
				LD_RUNPATH_SEARCH_PATHS = "$(inherited) @executable_path/../Frameworks";
				MACOSX_DEPLOYMENT_TARGET = 10.9;
				PRODUCT_NAME = "$(TARGET_NAME)";
			};
			name = Release;
		};
		3A5687901A3B93BD0066DB2B /* Debug */ = {
			isa = XCBuildConfiguration;
			buildSettings = {
				BUNDLE_LOADER = "$(TEST_HOST)";
				CODE_SIGN_IDENTITY = "";
				COMBINE_HIDPI_IMAGES = YES;
				FRAMEWORK_SEARCH_PATHS = (
					"$(DEVELOPER_FRAMEWORKS_DIR)",
					"$(inherited)",
				);
				GCC_PREPROCESSOR_DEFINITIONS = (
					"DEBUG=1",
					"$(inherited)",
				);
				INFOPLIST_FILE = BuildasaurTests/Info.plist;
				LD_RUNPATH_SEARCH_PATHS = "$(inherited) @executable_path/../Frameworks @loader_path/../Frameworks";
				PRODUCT_NAME = "$(TARGET_NAME)";
				TEST_HOST = "$(BUILT_PRODUCTS_DIR)/Buildasaur.app/Contents/MacOS/Buildasaur";
			};
			name = Debug;
		};
		3A5687911A3B93BD0066DB2B /* Release */ = {
			isa = XCBuildConfiguration;
			buildSettings = {
				BUNDLE_LOADER = "$(TEST_HOST)";
				CODE_SIGN_IDENTITY = "";
				COMBINE_HIDPI_IMAGES = YES;
				FRAMEWORK_SEARCH_PATHS = (
					"$(DEVELOPER_FRAMEWORKS_DIR)",
					"$(inherited)",
				);
				INFOPLIST_FILE = BuildasaurTests/Info.plist;
				LD_RUNPATH_SEARCH_PATHS = "$(inherited) @executable_path/../Frameworks @loader_path/../Frameworks";
				PRODUCT_NAME = "$(TARGET_NAME)";
				TEST_HOST = "$(BUILT_PRODUCTS_DIR)/Buildasaur.app/Contents/MacOS/Buildasaur";
			};
			name = Release;
		};
		3AAF6E8E1A3CE4CC00C657FB /* Debug */ = {
			isa = XCBuildConfiguration;
			buildSettings = {
				COMBINE_HIDPI_IMAGES = YES;
				CURRENT_PROJECT_VERSION = 1;
				DEFINES_MODULE = YES;
				DYLIB_COMPATIBILITY_VERSION = 1;
				DYLIB_CURRENT_VERSION = 1;
				DYLIB_INSTALL_NAME_BASE = "@rpath";
				FRAMEWORK_VERSION = A;
				GCC_PREPROCESSOR_DEFINITIONS = (
					"DEBUG=1",
					"$(inherited)",
				);
				INFOPLIST_FILE = BuildaUtils/Info.plist;
				INSTALL_PATH = "$(LOCAL_LIBRARY_DIR)/Frameworks";
				LD_RUNPATH_SEARCH_PATHS = "$(inherited) @executable_path/../Frameworks @loader_path/Frameworks";
				PRODUCT_NAME = "$(TARGET_NAME)";
				SKIP_INSTALL = YES;
				VERSIONING_SYSTEM = "apple-generic";
				VERSION_INFO_PREFIX = "";
			};
			name = Debug;
		};
		3AAF6E8F1A3CE4CC00C657FB /* Release */ = {
			isa = XCBuildConfiguration;
			buildSettings = {
				COMBINE_HIDPI_IMAGES = YES;
				CURRENT_PROJECT_VERSION = 1;
				DEFINES_MODULE = YES;
				DYLIB_COMPATIBILITY_VERSION = 1;
				DYLIB_CURRENT_VERSION = 1;
				DYLIB_INSTALL_NAME_BASE = "@rpath";
				FRAMEWORK_VERSION = A;
				INFOPLIST_FILE = BuildaUtils/Info.plist;
				INSTALL_PATH = "$(LOCAL_LIBRARY_DIR)/Frameworks";
				LD_RUNPATH_SEARCH_PATHS = "$(inherited) @executable_path/../Frameworks @loader_path/Frameworks";
				PRODUCT_NAME = "$(TARGET_NAME)";
				SKIP_INSTALL = YES;
				VERSIONING_SYSTEM = "apple-generic";
				VERSION_INFO_PREFIX = "";
			};
			name = Release;
		};
		3AAF6E911A3CE4CC00C657FB /* Debug */ = {
			isa = XCBuildConfiguration;
			buildSettings = {
				COMBINE_HIDPI_IMAGES = YES;
				FRAMEWORK_SEARCH_PATHS = (
					"$(DEVELOPER_FRAMEWORKS_DIR)",
					"$(inherited)",
				);
				GCC_PREPROCESSOR_DEFINITIONS = (
					"DEBUG=1",
					"$(inherited)",
				);
				INFOPLIST_FILE = BuildaUtilsTests/Info.plist;
				LD_RUNPATH_SEARCH_PATHS = "$(inherited) @executable_path/../Frameworks @loader_path/../Frameworks";
				PRODUCT_NAME = "$(TARGET_NAME)";
				TEST_HOST = "$(BUILT_PRODUCTS_DIR)/Buildasaur.app/Contents/MacOS/Buildasaur";
			};
			name = Debug;
		};
		3AAF6E921A3CE4CC00C657FB /* Release */ = {
			isa = XCBuildConfiguration;
			buildSettings = {
				COMBINE_HIDPI_IMAGES = YES;
				FRAMEWORK_SEARCH_PATHS = (
					"$(DEVELOPER_FRAMEWORKS_DIR)",
					"$(inherited)",
				);
				INFOPLIST_FILE = BuildaUtilsTests/Info.plist;
				LD_RUNPATH_SEARCH_PATHS = "$(inherited) @executable_path/../Frameworks @loader_path/../Frameworks";
				PRODUCT_NAME = "$(TARGET_NAME)";
				TEST_HOST = "$(BUILT_PRODUCTS_DIR)/Buildasaur.app/Contents/MacOS/Buildasaur";
			};
			name = Release;
		};
		3AAF6ED81A3CE57200C657FB /* Debug */ = {
			isa = XCBuildConfiguration;
			buildSettings = {
				COMBINE_HIDPI_IMAGES = YES;
				CURRENT_PROJECT_VERSION = 1;
				DEFINES_MODULE = YES;
				DYLIB_COMPATIBILITY_VERSION = 1;
				DYLIB_CURRENT_VERSION = 1;
				DYLIB_INSTALL_NAME_BASE = "@rpath";
				FRAMEWORK_VERSION = A;
				GCC_PREPROCESSOR_DEFINITIONS = (
					"DEBUG=1",
					"$(inherited)",
				);
				INFOPLIST_FILE = BuildaCIServer/Info.plist;
				INSTALL_PATH = "$(LOCAL_LIBRARY_DIR)/Frameworks";
				LD_RUNPATH_SEARCH_PATHS = "$(inherited) @executable_path/../Frameworks @loader_path/Frameworks";
				PRODUCT_NAME = "$(TARGET_NAME)";
				SKIP_INSTALL = YES;
				VERSIONING_SYSTEM = "apple-generic";
				VERSION_INFO_PREFIX = "";
			};
			name = Debug;
		};
		3AAF6ED91A3CE57200C657FB /* Release */ = {
			isa = XCBuildConfiguration;
			buildSettings = {
				COMBINE_HIDPI_IMAGES = YES;
				CURRENT_PROJECT_VERSION = 1;
				DEFINES_MODULE = YES;
				DYLIB_COMPATIBILITY_VERSION = 1;
				DYLIB_CURRENT_VERSION = 1;
				DYLIB_INSTALL_NAME_BASE = "@rpath";
				FRAMEWORK_VERSION = A;
				INFOPLIST_FILE = BuildaCIServer/Info.plist;
				INSTALL_PATH = "$(LOCAL_LIBRARY_DIR)/Frameworks";
				LD_RUNPATH_SEARCH_PATHS = "$(inherited) @executable_path/../Frameworks @loader_path/Frameworks";
				PRODUCT_NAME = "$(TARGET_NAME)";
				SKIP_INSTALL = YES;
				VERSIONING_SYSTEM = "apple-generic";
				VERSION_INFO_PREFIX = "";
			};
			name = Release;
		};
		3AAF6EDB1A3CE57200C657FB /* Debug */ = {
			isa = XCBuildConfiguration;
			buildSettings = {
				COMBINE_HIDPI_IMAGES = YES;
				FRAMEWORK_SEARCH_PATHS = (
					"$(DEVELOPER_FRAMEWORKS_DIR)",
					"$(inherited)",
				);
				GCC_PREPROCESSOR_DEFINITIONS = (
					"DEBUG=1",
					"$(inherited)",
				);
				INFOPLIST_FILE = BuildaCIServerTests/Info.plist;
				LD_RUNPATH_SEARCH_PATHS = "$(inherited) @executable_path/../Frameworks @loader_path/../Frameworks";
				PRODUCT_NAME = "$(TARGET_NAME)";
				TEST_HOST = "$(BUILT_PRODUCTS_DIR)/Buildasaur.app/Contents/MacOS/Buildasaur";
			};
			name = Debug;
		};
		3AAF6EDC1A3CE57200C657FB /* Release */ = {
			isa = XCBuildConfiguration;
			buildSettings = {
				COMBINE_HIDPI_IMAGES = YES;
				FRAMEWORK_SEARCH_PATHS = (
					"$(DEVELOPER_FRAMEWORKS_DIR)",
					"$(inherited)",
				);
				INFOPLIST_FILE = BuildaCIServerTests/Info.plist;
				LD_RUNPATH_SEARCH_PATHS = "$(inherited) @executable_path/../Frameworks @loader_path/../Frameworks";
				PRODUCT_NAME = "$(TARGET_NAME)";
				TEST_HOST = "$(BUILT_PRODUCTS_DIR)/Buildasaur.app/Contents/MacOS/Buildasaur";
			};
			name = Release;
		};
		3AAF6EFE1A3CE5BA00C657FB /* Debug */ = {
			isa = XCBuildConfiguration;
			buildSettings = {
				COMBINE_HIDPI_IMAGES = YES;
				CURRENT_PROJECT_VERSION = 1;
				DEFINES_MODULE = YES;
				DYLIB_COMPATIBILITY_VERSION = 1;
				DYLIB_CURRENT_VERSION = 1;
				DYLIB_INSTALL_NAME_BASE = "@rpath";
				FRAMEWORK_VERSION = A;
				GCC_PREPROCESSOR_DEFINITIONS = (
					"DEBUG=1",
					"$(inherited)",
				);
				INFOPLIST_FILE = BuildaGitServer/Info.plist;
				INSTALL_PATH = "$(LOCAL_LIBRARY_DIR)/Frameworks";
				LD_RUNPATH_SEARCH_PATHS = "$(inherited) @executable_path/../Frameworks @loader_path/Frameworks";
				PRODUCT_NAME = "$(TARGET_NAME)";
				SKIP_INSTALL = YES;
				VERSIONING_SYSTEM = "apple-generic";
				VERSION_INFO_PREFIX = "";
			};
			name = Debug;
		};
		3AAF6EFF1A3CE5BA00C657FB /* Release */ = {
			isa = XCBuildConfiguration;
			buildSettings = {
				COMBINE_HIDPI_IMAGES = YES;
				CURRENT_PROJECT_VERSION = 1;
				DEFINES_MODULE = YES;
				DYLIB_COMPATIBILITY_VERSION = 1;
				DYLIB_CURRENT_VERSION = 1;
				DYLIB_INSTALL_NAME_BASE = "@rpath";
				FRAMEWORK_VERSION = A;
				INFOPLIST_FILE = BuildaGitServer/Info.plist;
				INSTALL_PATH = "$(LOCAL_LIBRARY_DIR)/Frameworks";
				LD_RUNPATH_SEARCH_PATHS = "$(inherited) @executable_path/../Frameworks @loader_path/Frameworks";
				PRODUCT_NAME = "$(TARGET_NAME)";
				SKIP_INSTALL = YES;
				VERSIONING_SYSTEM = "apple-generic";
				VERSION_INFO_PREFIX = "";
			};
			name = Release;
		};
		3AAF6F011A3CE5BA00C657FB /* Debug */ = {
			isa = XCBuildConfiguration;
			buildSettings = {
				COMBINE_HIDPI_IMAGES = YES;
				FRAMEWORK_SEARCH_PATHS = (
					"$(DEVELOPER_FRAMEWORKS_DIR)",
					"$(inherited)",
				);
				GCC_PREPROCESSOR_DEFINITIONS = (
					"DEBUG=1",
					"$(inherited)",
				);
				INFOPLIST_FILE = BuildaGitServerTests/Info.plist;
				LD_RUNPATH_SEARCH_PATHS = "$(inherited) @executable_path/../Frameworks @loader_path/../Frameworks";
				PRODUCT_NAME = "$(TARGET_NAME)";
				TEST_HOST = "$(BUILT_PRODUCTS_DIR)/Buildasaur.app/Contents/MacOS/Buildasaur";
			};
			name = Debug;
		};
		3AAF6F021A3CE5BA00C657FB /* Release */ = {
			isa = XCBuildConfiguration;
			buildSettings = {
				COMBINE_HIDPI_IMAGES = YES;
				FRAMEWORK_SEARCH_PATHS = (
					"$(DEVELOPER_FRAMEWORKS_DIR)",
					"$(inherited)",
				);
				INFOPLIST_FILE = BuildaGitServerTests/Info.plist;
				LD_RUNPATH_SEARCH_PATHS = "$(inherited) @executable_path/../Frameworks @loader_path/../Frameworks";
				PRODUCT_NAME = "$(TARGET_NAME)";
				TEST_HOST = "$(BUILT_PRODUCTS_DIR)/Buildasaur.app/Contents/MacOS/Buildasaur";
			};
			name = Release;
		};
/* End XCBuildConfiguration section */

/* Begin XCConfigurationList section */
		3A56876B1A3B93BD0066DB2B /* Build configuration list for PBXProject "Buildasaur" */ = {
			isa = XCConfigurationList;
			buildConfigurations = (
				3A56878A1A3B93BD0066DB2B /* Debug */,
				3A56878B1A3B93BD0066DB2B /* Release */,
			);
			defaultConfigurationIsVisible = 0;
			defaultConfigurationName = Release;
		};
		3A56878C1A3B93BD0066DB2B /* Build configuration list for PBXNativeTarget "Buildasaur" */ = {
			isa = XCConfigurationList;
			buildConfigurations = (
				3A56878D1A3B93BD0066DB2B /* Debug */,
				3A56878E1A3B93BD0066DB2B /* Release */,
			);
			defaultConfigurationIsVisible = 0;
			defaultConfigurationName = Release;
		};
		3A56878F1A3B93BD0066DB2B /* Build configuration list for PBXNativeTarget "BuildasaurTests" */ = {
			isa = XCConfigurationList;
			buildConfigurations = (
				3A5687901A3B93BD0066DB2B /* Debug */,
				3A5687911A3B93BD0066DB2B /* Release */,
			);
			defaultConfigurationIsVisible = 0;
			defaultConfigurationName = Release;
		};
		3AAF6E8D1A3CE4CC00C657FB /* Build configuration list for PBXNativeTarget "BuildaUtils" */ = {
			isa = XCConfigurationList;
			buildConfigurations = (
				3AAF6E8E1A3CE4CC00C657FB /* Debug */,
				3AAF6E8F1A3CE4CC00C657FB /* Release */,
			);
			defaultConfigurationIsVisible = 0;
		};
		3AAF6E901A3CE4CC00C657FB /* Build configuration list for PBXNativeTarget "BuildaUtilsTests" */ = {
			isa = XCConfigurationList;
			buildConfigurations = (
				3AAF6E911A3CE4CC00C657FB /* Debug */,
				3AAF6E921A3CE4CC00C657FB /* Release */,
			);
			defaultConfigurationIsVisible = 0;
		};
		3AAF6ED71A3CE57200C657FB /* Build configuration list for PBXNativeTarget "BuildaCIServer" */ = {
			isa = XCConfigurationList;
			buildConfigurations = (
				3AAF6ED81A3CE57200C657FB /* Debug */,
				3AAF6ED91A3CE57200C657FB /* Release */,
			);
			defaultConfigurationIsVisible = 0;
		};
		3AAF6EDA1A3CE57200C657FB /* Build configuration list for PBXNativeTarget "BuildaCIServerTests" */ = {
			isa = XCConfigurationList;
			buildConfigurations = (
				3AAF6EDB1A3CE57200C657FB /* Debug */,
				3AAF6EDC1A3CE57200C657FB /* Release */,
			);
			defaultConfigurationIsVisible = 0;
		};
		3AAF6EFD1A3CE5BA00C657FB /* Build configuration list for PBXNativeTarget "BuildaGitServer" */ = {
			isa = XCConfigurationList;
			buildConfigurations = (
				3AAF6EFE1A3CE5BA00C657FB /* Debug */,
				3AAF6EFF1A3CE5BA00C657FB /* Release */,
			);
			defaultConfigurationIsVisible = 0;
		};
		3AAF6F001A3CE5BA00C657FB /* Build configuration list for PBXNativeTarget "BuildaGitServerTests" */ = {
			isa = XCConfigurationList;
			buildConfigurations = (
				3AAF6F011A3CE5BA00C657FB /* Debug */,
				3AAF6F021A3CE5BA00C657FB /* Release */,
			);
			defaultConfigurationIsVisible = 0;
		};
/* End XCConfigurationList section */
	};
	rootObject = 3A5687681A3B93BD0066DB2B /* Project object */;
}
