PODS:
  - Alamofire (2.0.0-beta.3)
  - BuildaUtils (0.2.8):
    - SwiftSafe (~> 0.1)
  - CryptoSwift (0.2.2)
  - ekgclient (0.3.0):
    - Alamofire (= 2.0.0-beta.3)
  - Ji (1.2.0):
    - Ji/Ji (= 1.2.0)
  - Ji/Ji (1.2.0):
    - Ji/Ji-libxml
  - Ji/Ji-libxml (1.2.0)
  - KeychainAccess (2.3.3)
  - Keys (1.0.0)
  - Nimble (3.0.0)
  - OAuthSwift (0.5.0)
  - ReactiveCocoa (4.0.0-RC.1):
    - ReactiveCocoa/UI (= 4.0.0-RC.1)
    - Result (~> 1.0)
  - ReactiveCocoa/Core (4.0.0-RC.1):
    - ReactiveCocoa/no-arc
    - Result (~> 1.0)
  - ReactiveCocoa/no-arc (4.0.0-RC.1):
    - Result (~> 1.0)
  - ReactiveCocoa/UI (4.0.0-RC.1):
    - ReactiveCocoa/Core
    - Result (~> 1.0)
  - Result (1.0.1)
  - SwiftSafe (0.1)
  - XcodeServerSDK (0.5.6):
    - BuildaUtils (~> 0.2.3)

DEPENDENCIES:
  - BuildaUtils (~> 0.2.7)
  - CryptoSwift
  - ekgclient (~> 0.3.0)
  - Ji (~> 1.2.0)
  - KeychainAccess
  - Keys (from `Pods/CocoaPodsKeys`)
  - Nimble (~> 3.0.0)
  - OAuthSwift
  - ReactiveCocoa (= 4.0.0-RC.1)
  - XcodeServerSDK (~> 0.5.6)

EXTERNAL SOURCES:
  Keys:
    :path: Pods/CocoaPodsKeys

SPEC CHECKSUMS:
  Alamofire: 39dddb7d3725d1771b1d2f7099c8bd45bd83ffbb
  BuildaUtils: 0974c128ace30916b9b9429e8585c1c6402593dd
  CryptoSwift: d382228d6301c09474132417878a741c2a2e68cd
  ekgclient: 40f5d347e2ede450b3e50ac7c6bd84d96e7b84ad
  Ji: ddebb22f9ac445db6e884b66f78ea74fb135fdb7
  KeychainAccess: 9b7e49e48277e329b1b3195e54697ed313d30acf
  Keys: 7d2ff6ff42f6903358267ce56e9392f83c31acfe
  Nimble: 4c353d43735b38b545cbb4cb91504588eb5de926
  OAuthSwift: f2e0de083739da5697be095c9af2671242a4ed8b
  ReactiveCocoa: 2b0f654beb7642b82cfd3fdb845205ae9889422c
  Result: caef80340451e1f07492fa1e89117f83613bce24
  SwiftSafe: 77ffd12b02678790bec1ef56a2d14ec5036f1fd6
  XcodeServerSDK: 6300badc4a799da9ad6e970b366eda18d4a47bda

COCOAPODS: 0.39.0
