PODS:
  - Alamofire (2.0.0-beta.3)
  - BuildaUtils (0.1.5)
  - ekgclient (0.3.0):
    - Alamofire (= 2.0.0-beta.3)
  - Ji (1.1.2):
    - Ji/Ji (= 1.1.2)
  - Ji/Ji (1.1.2):
    - Ji/Ji-libxml
  - Ji/Ji-libxml (1.1.2)
  - ReactiveCocoa (4.0.2-alpha-1):
    - ReactiveCocoa/UI (= 4.0.2-alpha-1)
    - Result (~> 0.6-beta.1)
  - ReactiveCocoa/Core (4.0.2-alpha-1):
    - ReactiveCocoa/no-arc
    - Result (~> 0.6-beta.1)
  - ReactiveCocoa/no-arc (4.0.2-alpha-1):
    - Result (~> 0.6-beta.1)
  - ReactiveCocoa/UI (4.0.2-alpha-1):
    - ReactiveCocoa/Core
    - Result (~> 0.6-beta.1)
  - Result (0.6.0-beta.3)
  - XcodeServerSDK (0.3.7):
    - BuildaUtils (~> 0.1.5)

DEPENDENCIES:
  - BuildaUtils (~> 0.1.5)
  - ekgclient (~> 0.3.0)
  - Ji (= 1.1.2)
  - ReactiveCocoa (= 4.0.2-alpha-1)
  - XcodeServerSDK (~> 0.3.5)

SPEC CHECKSUMS:
  Alamofire: 39dddb7d3725d1771b1d2f7099c8bd45bd83ffbb
  BuildaUtils: 25b8a56f9878ab26d2233866242a2d96d143851c
  ekgclient: 40f5d347e2ede450b3e50ac7c6bd84d96e7b84ad
  Ji: 477ec17f9abe9d7f016d714f7b5da8c3c67a2e15
  ReactiveCocoa: 652cf90e5de65708e7e2111f77405756da21aabe
  Result: b80bca7becdda9a2e44c4fd65b4b4a7b5db4cf9a
  XcodeServerSDK: 354f0277af692cc02ac473f2e5f7653f8e10ea00

COCOAPODS: 0.39.0.beta.5
