PODS:
  - Alamofire (2.0.0-beta.3)
  - BuildaUtils (0.1.0)
  - ekgclient (0.3.0):
    - Alamofire (= 2.0.0-beta.3)
  - XcodeServerSDK (0.3.0):
    - BuildaUtils (= 0.1.0)

DEPENDENCIES:
  - BuildaUtils (= 0.1.0)
  - ekgclient (= 0.3.0)
  - XcodeServerSDK (= 0.3.0)

SPEC CHECKSUMS:
  Alamofire: 39dddb7d3725d1771b1d2f7099c8bd45bd83ffbb
  BuildaUtils: cf7756290492ca286935d996c8bf4a3085662514
  ekgclient: 40f5d347e2ede450b3e50ac7c6bd84d96e7b84ad
  XcodeServerSDK: 177cebc86a5b78e7309bcb1a9b3fae045a4eda6a

COCOAPODS: 0.39.0.beta.3
