// !$*UTF8*$!
{
	archiveVersion = 1;
	classes = {
	};
	objectVersion = 46;
	objects = {

/* Begin PBXBuildFile section */
		3A2EEE5C1BCA5F1F005E6424 /* AppDelegate.swift in Sources */ = {isa = PBXBuildFile; fileRef = 3A2EEE5B1BCA5F1F005E6424 /* AppDelegate.swift */; };
		3A2EEE5E1BCA5F1F005E6424 /* ViewController.swift in Sources */ = {isa = PBXBuildFile; fileRef = 3A2EEE5D1BCA5F1F005E6424 /* ViewController.swift */; };
		3A2EEE611BCA5F1F005E6424 /* Main.storyboard in Resources */ = {isa = PBXBuildFile; fileRef = 3A2EEE5F1BCA5F1F005E6424 /* Main.storyboard */; };
		3A2EEE631BCA5F1F005E6424 /* Assets.xcassets in Resources */ = {isa = PBXBuildFile; fileRef = 3A2EEE621BCA5F1F005E6424 /* Assets.xcassets */; };
		3A2EEE661BCA5F1F005E6424 /* LaunchScreen.storyboard in Resources */ = {isa = PBXBuildFile; fileRef = 3A2EEE641BCA5F1F005E6424 /* LaunchScreen.storyboard */; };
/* End PBXBuildFile section */

/* Begin PBXFileReference section */
		3A2EEE581BCA5F1F005E6424 /* Buildasaur-TestProject-iOS.app */ = {isa = PBXFileReference; explicitFileType = wrapper.application; includeInIndex = 0; path = "Buildasaur-TestProject-iOS.app"; sourceTree = BUILT_PRODUCTS_DIR; };
		3A2EEE5B1BCA5F1F005E6424 /* AppDelegate.swift */ = {isa = PBXFileReference; lastKnownFileType = sourcecode.swift; path = AppDelegate.swift; sourceTree = "<group>"; };
		3A2EEE5D1BCA5F1F005E6424 /* ViewController.swift */ = {isa = PBXFileReference; lastKnownFileType = sourcecode.swift; path = ViewController.swift; sourceTree = "<group>"; };
		3A2EEE601BCA5F1F005E6424 /* Base */ = {isa = PBXFileReference; lastKnownFileType = file.storyboard; name = Base; path = Base.lproj/Main.storyboard; sourceTree = "<group>"; };
		3A2EEE621BCA5F1F005E6424 /* Assets.xcassets */ = {isa = PBXFileReference; lastKnownFileType = folder.assetcatalog; path = Assets.xcassets; sourceTree = "<group>"; };
		3A2EEE651BCA5F1F005E6424 /* Base */ = {isa = PBXFileReference; lastKnownFileType = file.storyboard; name = Base; path = Base.lproj/LaunchScreen.storyboard; sourceTree = "<group>"; };
		3A2EEE671BCA5F1F005E6424 /* Info.plist */ = {isa = PBXFileReference; lastKnownFileType = text.plist.xml; path = Info.plist; sourceTree = "<group>"; };
/* End PBXFileReference section */

/* Begin PBXFrameworksBuildPhase section */
		3A2EEE551BCA5F1F005E6424 /* Frameworks */ = {
			isa = PBXFrameworksBuildPhase;
			buildActionMask = 2147483647;
			files = (
			);
			runOnlyForDeploymentPostprocessing = 0;
		};
/* End PBXFrameworksBuildPhase section */

/* Begin PBXGroup section */
		3A2EEE4F1BCA5F1F005E6424 = {
			isa = PBXGroup;
			children = (
				3A2EEE5A1BCA5F1F005E6424 /* Buildasaur-TestProject-iOS */,
				3A2EEE591BCA5F1F005E6424 /* Products */,
			);
			sourceTree = "<group>";
		};
		3A2EEE591BCA5F1F005E6424 /* Products */ = {
			isa = PBXGroup;
			children = (
				3A2EEE581BCA5F1F005E6424 /* Buildasaur-TestProject-iOS.app */,
			);
			name = Products;
			sourceTree = "<group>";
		};
		3A2EEE5A1BCA5F1F005E6424 /* Buildasaur-TestProject-iOS */ = {
			isa = PBXGroup;
			children = (
				3A2EEE5B1BCA5F1F005E6424 /* AppDelegate.swift */,
				3A2EEE5D1BCA5F1F005E6424 /* ViewController.swift */,
				3A2EEE5F1BCA5F1F005E6424 /* Main.storyboard */,
				3A2EEE621BCA5F1F005E6424 /* Assets.xcassets */,
				3A2EEE641BCA5F1F005E6424 /* LaunchScreen.storyboard */,
				3A2EEE671BCA5F1F005E6424 /* Info.plist */,
			);
			path = "Buildasaur-TestProject-iOS";
			sourceTree = "<group>";
		};
/* End PBXGroup section */

/* Begin PBXNativeTarget section */
		3A2EEE571BCA5F1F005E6424 /* Buildasaur-TestProject-iOS */ = {
			isa = PBXNativeTarget;
			buildConfigurationList = 3A2EEE6A1BCA5F1F005E6424 /* Build configuration list for PBXNativeTarget "Buildasaur-TestProject-iOS" */;
			buildPhases = (
				3A2EEE541BCA5F1F005E6424 /* Sources */,
				3A2EEE551BCA5F1F005E6424 /* Frameworks */,
				3A2EEE561BCA5F1F005E6424 /* Resources */,
			);
			buildRules = (
			);
			dependencies = (
			);
			name = "Buildasaur-TestProject-iOS";
			productName = "Buildasaur-TestProject-iOS";
			productReference = 3A2EEE581BCA5F1F005E6424 /* Buildasaur-TestProject-iOS.app */;
			productType = "com.apple.product-type.application";
		};
/* End PBXNativeTarget section */

/* Begin PBXProject section */
		3A2EEE501BCA5F1F005E6424 /* Project object */ = {
			isa = PBXProject;
			attributes = {
				LastUpgradeCheck = 0700;
				ORGANIZATIONNAME = "Honza Dvorsky";
				TargetAttributes = {
					3A2EEE571BCA5F1F005E6424 = {
						CreatedOnToolsVersion = 7.0.1;
					};
				};
			};
			buildConfigurationList = 3A2EEE531BCA5F1F005E6424 /* Build configuration list for PBXProject "Buildasaur-TestProject-iOS" */;
			compatibilityVersion = "Xcode 3.2";
			developmentRegion = English;
			hasScannedForEncodings = 0;
			knownRegions = (
				en,
				Base,
			);
			mainGroup = 3A2EEE4F1BCA5F1F005E6424;
			productRefGroup = 3A2EEE591BCA5F1F005E6424 /* Products */;
			projectDirPath = "";
			projectRoot = "";
			targets = (
				3A2EEE571BCA5F1F005E6424 /* Buildasaur-TestProject-iOS */,
			);
		};
/* End PBXProject section */

/* Begin PBXResourcesBuildPhase section */
		3A2EEE561BCA5F1F005E6424 /* Resources */ = {
			isa = PBXResourcesBuildPhase;
			buildActionMask = 2147483647;
			files = (
				3A2EEE661BCA5F1F005E6424 /* LaunchScreen.storyboard in Resources */,
				3A2EEE631BCA5F1F005E6424 /* Assets.xcassets in Resources */,
				3A2EEE611BCA5F1F005E6424 /* Main.storyboard in Resources */,
			);
			runOnlyForDeploymentPostprocessing = 0;
		};
/* End PBXResourcesBuildPhase section */

/* Begin PBXSourcesBuildPhase section */
		3A2EEE541BCA5F1F005E6424 /* Sources */ = {
			isa = PBXSourcesBuildPhase;
			buildActionMask = 2147483647;
			files = (
				3A2EEE5E1BCA5F1F005E6424 /* ViewController.swift in Sources */,
				3A2EEE5C1BCA5F1F005E6424 /* AppDelegate.swift in Sources */,
			);
			runOnlyForDeploymentPostprocessing = 0;
		};
/* End PBXSourcesBuildPhase section */

/* Begin PBXVariantGroup section */
		3A2EEE5F1BCA5F1F005E6424 /* Main.storyboard */ = {
			isa = PBXVariantGroup;
			children = (
				3A2EEE601BCA5F1F005E6424 /* Base */,
			);
			name = Main.storyboard;
			sourceTree = "<group>";
		};
		3A2EEE641BCA5F1F005E6424 /* LaunchScreen.storyboard */ = {
			isa = PBXVariantGroup;
			children = (
				3A2EEE651BCA5F1F005E6424 /* Base */,
			);
			name = LaunchScreen.storyboard;
			sourceTree = "<group>";
		};
/* End PBXVariantGroup section */

/* Begin XCBuildConfiguration section */
		3A2EEE681BCA5F1F005E6424 /* Debug */ = {
			isa = XCBuildConfiguration;
			buildSettings = {
				ALWAYS_SEARCH_USER_PATHS = NO;
				CLANG_CXX_LANGUAGE_STANDARD = "gnu++0x";
				CLANG_CXX_LIBRARY = "libc++";
				CLANG_ENABLE_MODULES = YES;
				CLANG_ENABLE_OBJC_ARC = YES;
				CLANG_WARN_BOOL_CONVERSION = YES;
				CLANG_WARN_CONSTANT_CONVERSION = YES;
				CLANG_WARN_DIRECT_OBJC_ISA_USAGE = YES_ERROR;
				CLANG_WARN_EMPTY_BODY = YES;
				CLANG_WARN_ENUM_CONVERSION = YES;
				CLANG_WARN_INT_CONVERSION = YES;
				CLANG_WARN_OBJC_ROOT_CLASS = YES_ERROR;
				CLANG_WARN_UNREACHABLE_CODE = YES;
				CLANG_WARN__DUPLICATE_METHOD_MATCH = YES;
				"CODE_SIGN_IDENTITY[sdk=iphoneos*]" = "iPhone Developer";
				COPY_PHASE_STRIP = NO;
				DEBUG_INFORMATION_FORMAT = dwarf;
				ENABLE_STRICT_OBJC_MSGSEND = YES;
				ENABLE_TESTABILITY = YES;
				GCC_C_LANGUAGE_STANDARD = gnu99;
				GCC_DYNAMIC_NO_PIC = NO;
				GCC_NO_COMMON_BLOCKS = YES;
				GCC_OPTIMIZATION_LEVEL = 0;
				GCC_PREPROCESSOR_DEFINITIONS = (
					"DEBUG=1",
					"$(inherited)",
				);
				GCC_WARN_64_TO_32_BIT_CONVERSION = YES;
				GCC_WARN_ABOUT_RETURN_TYPE = YES_ERROR;
				GCC_WARN_UNDECLARED_SELECTOR = YES;
				GCC_WARN_UNINITIALIZED_AUTOS = YES_AGGRESSIVE;
				GCC_WARN_UNUSED_FUNCTION = YES;
				GCC_WARN_UNUSED_VARIABLE = YES;
				IPHONEOS_DEPLOYMENT_TARGET = 9.0;
				MTL_ENABLE_DEBUG_INFO = YES;
				ONLY_ACTIVE_ARCH = YES;
				SDKROOT = iphoneos;
				SWIFT_OPTIMIZATION_LEVEL = "-Onone";
				TARGETED_DEVICE_FAMILY = "1,2";
			};
			name = Debug;
		};
		3A2EEE691BCA5F1F005E6424 /* Release */ = {
			isa = XCBuildConfiguration;
			buildSettings = {
				ALWAYS_SEARCH_USER_PATHS = NO;
				CLANG_CXX_LANGUAGE_STANDARD = "gnu++0x";
				CLANG_CXX_LIBRARY = "libc++";
				CLANG_ENABLE_MODULES = YES;
				CLANG_ENABLE_OBJC_ARC = YES;
				CLANG_WARN_BOOL_CONVERSION = YES;
				CLANG_WARN_CONSTANT_CONVERSION = YES;
				CLANG_WARN_DIRECT_OBJC_ISA_USAGE = YES_ERROR;
				CLANG_WARN_EMPTY_BODY = YES;
				CLANG_WARN_ENUM_CONVERSION = YES;
				CLANG_WARN_INT_CONVERSION = YES;
				CLANG_WARN_OBJC_ROOT_CLASS = YES_ERROR;
				CLANG_WARN_UNREACHABLE_CODE = YES;
				CLANG_WARN__DUPLICATE_METHOD_MATCH = YES;
				"CODE_SIGN_IDENTITY[sdk=iphoneos*]" = "iPhone Developer";
				COPY_PHASE_STRIP = NO;
				DEBUG_INFORMATION_FORMAT = "dwarf-with-dsym";
				ENABLE_NS_ASSERTIONS = NO;
				ENABLE_STRICT_OBJC_MSGSEND = YES;
				GCC_C_LANGUAGE_STANDARD = gnu99;
				GCC_NO_COMMON_BLOCKS = YES;
				GCC_WARN_64_TO_32_BIT_CONVERSION = YES;
				GCC_WARN_ABOUT_RETURN_TYPE = YES_ERROR;
				GCC_WARN_UNDECLARED_SELECTOR = YES;
				GCC_WARN_UNINITIALIZED_AUTOS = YES_AGGRESSIVE;
				GCC_WARN_UNUSED_FUNCTION = YES;
				GCC_WARN_UNUSED_VARIABLE = YES;
				IPHONEOS_DEPLOYMENT_TARGET = 9.0;
				MTL_ENABLE_DEBUG_INFO = NO;
				SDKROOT = iphoneos;
				TARGETED_DEVICE_FAMILY = "1,2";
				VALIDATE_PRODUCT = YES;
			};
			name = Release;
		};
		3A2EEE6B1BCA5F1F005E6424 /* Debug */ = {
			isa = XCBuildConfiguration;
			buildSettings = {
				ASSETCATALOG_COMPILER_APPICON_NAME = AppIcon;
				INFOPLIST_FILE = "Buildasaur-TestProject-iOS/Info.plist";
				LD_RUNPATH_SEARCH_PATHS = "$(inherited) @executable_path/Frameworks";
				PRODUCT_BUNDLE_IDENTIFIER = "com.honzadvorsky.Buildasaur-TestProject-iOS";
				PRODUCT_NAME = "$(TARGET_NAME)";
			};
			name = Debug;
		};
		3A2EEE6C1BCA5F1F005E6424 /* Release */ = {
			isa = XCBuildConfiguration;
			buildSettings = {
				ASSETCATALOG_COMPILER_APPICON_NAME = AppIcon;
				INFOPLIST_FILE = "Buildasaur-TestProject-iOS/Info.plist";
				LD_RUNPATH_SEARCH_PATHS = "$(inherited) @executable_path/Frameworks";
				PRODUCT_BUNDLE_IDENTIFIER = "com.honzadvorsky.Buildasaur-TestProject-iOS";
				PRODUCT_NAME = "$(TARGET_NAME)";
			};
			name = Release;
		};
/* End XCBuildConfiguration section */

/* Begin XCConfigurationList section */
		3A2EEE531BCA5F1F005E6424 /* Build configuration list for PBXProject "Buildasaur-TestProject-iOS" */ = {
			isa = XCConfigurationList;
			buildConfigurations = (
				3A2EEE681BCA5F1F005E6424 /* Debug */,
				3A2EEE691BCA5F1F005E6424 /* Release */,
			);
			defaultConfigurationIsVisible = 0;
			defaultConfigurationName = Release;
		};
		3A2EEE6A1BCA5F1F005E6424 /* Build configuration list for PBXNativeTarget "Buildasaur-TestProject-iOS" */ = {
			isa = XCConfigurationList;
			buildConfigurations = (
				3A2EEE6B1BCA5F1F005E6424 /* Debug */,
				3A2EEE6C1BCA5F1F005E6424 /* Release */,
			);
			defaultConfigurationIsVisible = 0;
		};
/* End XCConfigurationList section */
	};
	rootObject = 3A2EEE501BCA5F1F005E6424 /* Project object */;
}
